Microsoft Visual Studio Solution File, Format Version 11.00
# Visual Studio 2008

Project("{AE1674C3-882E-5ACD-5483-EA3DC0B972DD}") = "VR Game", "Assembly-CSharp-firstpass.csproj", "{A8769FBB-6BE5-46A9-A065-F1AF6F6FEAFE}"
EndProject
Project("{AE1674C3-882E-5ACD-5483-EA3DC0B972DD}") = "VR Game", "Assembly-CSharp.csproj", "{D34E6011-14D2-10A1-AE68-23C5E6D77D40}"
EndProject
Project("{AE1674C3-882E-5ACD-5483-EA3DC0B972DD}") = "VR Game", "Assembly-UnityScript-firstpass.unityproj", "{9474D14B-CED4-1A3C-BE2E-22643AE4C172}"
EndProject
Global
	GlobalSection(SolutionConfigurationPlatforms) = preSolution
		Debug|Any CPU = Debug|Any CPU
		Release|Any CPU = Release|Any CPU
	EndGlobalSection
	GlobalSection(ProjectConfigurationPlatforms) = postSolution
		{A8769FBB-6BE5-46A9-A065-F1AF6F6FEAFE}.Debug|Any CPU.ActiveCfg = Debug|Any CPU
		{A8769FBB-6BE5-46A9-A065-F1AF6F6FEAFE}.Debug|Any CPU.Build.0 = Debug|Any CPU
		{A8769FBB-6BE5-46A9-A065-F1AF6F6FEAFE}.Release|Any CPU.ActiveCfg = Release|Any CPU
		{A8769FBB-6BE5-46A9-A065-F1AF6F6FEAFE}.Release|Any CPU.Build.0 = Release|Any CPU
		{D34E6011-14D2-10A1-AE68-23C5E6D77D40}.Debug|Any CPU.ActiveCfg = Debug|Any CPU
		{D34E6011-14D2-10A1-AE68-23C5E6D77D40}.Debug|Any CPU.Build.0 = Debug|Any CPU
		{D34E6011-14D2-10A1-AE68-23C5E6D77D40}.Release|Any CPU.ActiveCfg = Release|Any CPU
		{D34E6011-14D2-10A1-AE68-23C5E6D77D40}.Release|Any CPU.Build.0 = Release|Any CPU
		{9474D14B-CED4-1A3C-BE2E-22643AE4C172}.Debug|Any CPU.ActiveCfg = Debug|Any CPU
		{9474D14B-CED4-1A3C-BE2E-22643AE4C172}.Debug|Any CPU.Build.0 = Debug|Any CPU
		{9474D14B-CED4-1A3C-BE2E-22643AE4C172}.Release|Any CPU.ActiveCfg = Release|Any CPU
		{9474D14B-CED4-1A3C-BE2E-22643AE4C172}.Release|Any CPU.Build.0 = Release|Any CPU
	EndGlobalSection
	GlobalSection(SolutionProperties) = preSolution
		HideSolutionNode = FALSE
	EndGlobalSection
																																																											GlobalSection(MonoDevelopProperties) = preSolution
		StartupItem = Assembly-CSharp.csproj
		Policies = $0
		$0.TextStylePolicy = $1
		$1.inheritsSet = null
		$1.scope = text/x-csharp
		$0.CSharpFormattingPolicy = $2
		$2.inheritsSet = Mono
		$2.inheritsScope = text/x-csharp
		$2.scope = text/x-csharp
		$0.TextStylePolicy = $3
		$3.FileWidth = 120
		$3.TabWidth = 4
		$3.EolMarker = Unix
		$3.inheritsSet = Mono
		$3.inheritsScope = text/plain
		$3.scope = text/plain
	EndGlobalSection

EndGlobal
